
Microsoft Visual Studio Solution File, Format Version 12.00
Project("{FAE04EC0-301F-11D3-BF4B-00C04F79EFBC}") = "EventStore.Replicator", "src\EventStore.Replicator\EventStore.Replicator.csproj", "{B9B901BB-BFEB-4396-BD4D-6E1B5AEA6743}"
EndProject
Project("{FAE04EC0-301F-11D3-BF4B-00C04F79EFBC}") = "EventStore.Replicator.Shared", "src\EventStore.Replicator.Shared\EventStore.Replicator.Shared.csproj", "{989BF42F-4CD2-46C1-AF16-B709450706FD}"
EndProject
Project("{FAE04EC0-301F-11D3-BF4B-00C04F79EFBC}") = "EventStore.Replicator.Esdb.Tcp", "src\EventStore.Replicator.Esdb.Tcp\EventStore.Replicator.Esdb.Tcp.csproj", "{AD365FF1-5B5C-4820-9697-C8E130949B3C}"
EndProject
Project("{FAE04EC0-301F-11D3-BF4B-00C04F79EFBC}") = "es-replicator", "src\es-replicator\es-replicator.csproj", "{C8FCDAA2-71F1-4926-BFDE-CEF674497484}"
EndProject
Project("{FAE04EC0-301F-11D3-BF4B-00C04F79EFBC}") = "EventStore.Replicator.Esdb.Grpc", "src\EventStore.Replicator.Esdb.Grpc\EventStore.Replicator.Esdb.Grpc.csproj", "{BB3E9A7A-4116-4F86-B2EA-9CEE207C7977}"
EndProject
Project("{FAE04EC0-301F-11D3-BF4B-00C04F79EFBC}") = "EventStore.Replicator.Kafka", "src\EventStore.Replicator.Kafka\EventStore.Replicator.Kafka.csproj", "{7A28F19B-1CD2-400F-9BEB-6C210C5CC79B}"
EndProject
Project("{FAE04EC0-301F-11D3-BF4B-00C04F79EFBC}") = "EventStore.Replicator.Http", "src\EventStore.Replicator.Http\EventStore.Replicator.Http.csproj", "{7AB2A602-0566-43E2-B855-296657F894E9}"
EndProject
Project("{FAE04EC0-301F-11D3-BF4B-00C04F79EFBC}") = "EventStore.Replicator.JavaScript", "src\EventStore.Replicator.JavaScript\EventStore.Replicator.JavaScript.csproj", "{6F511145-BD33-49C6-9778-3DA9B14B9B17}"
EndProject
Project("{2150E333-8FDC-42A3-9474-1A3956D46DE8}") = "test", "test", "{8D608801-82E5-4BAD-86AC-493A3E422B11}"
EndProject
Project("{FAE04EC0-301F-11D3-BF4B-00C04F79EFBC}") = "EventStore.Replicator.Tests", "test\EventStore.Replicator.Tests\EventStore.Replicator.Tests.csproj", "{B6BF402B-80A6-4BEE-9906-B6403E3B7ECB}"
EndProject
Project("{FAE04EC0-301F-11D3-BF4B-00C04F79EFBC}") = "EventStore.Replicator.Mongo", "src\EventStore.Replicator.Mongo\EventStore.Replicator.Mongo.csproj", "{B56B751E-22D5-474F-BF79-50D3011DF91A}"
EndProject
Global
	GlobalSection(SolutionConfigurationPlatforms) = preSolution
		Debug|Any CPU = Debug|Any CPU
		Release|Any CPU = Release|Any CPU
	EndGlobalSection
	GlobalSection(ProjectConfigurationPlatforms) = postSolution
		{B9B901BB-BFEB-4396-BD4D-6E1B5AEA6743}.Debug|Any CPU.ActiveCfg = Debug|Any CPU
		{B9B901BB-BFEB-4396-BD4D-6E1B5AEA6743}.Debug|Any CPU.Build.0 = Debug|Any CPU
		{B9B901BB-BFEB-4396-BD4D-6E1B5AEA6743}.Release|Any CPU.ActiveCfg = Release|Any CPU
		{B9B901BB-BFEB-4396-BD4D-6E1B5AEA6743}.Release|Any CPU.Build.0 = Release|Any CPU
		{989BF42F-4CD2-46C1-AF16-B709450706FD}.Debug|Any CPU.ActiveCfg = Debug|Any CPU
		{989BF42F-4CD2-46C1-AF16-B709450706FD}.Debug|Any CPU.Build.0 = Debug|Any CPU
		{989BF42F-4CD2-46C1-AF16-B709450706FD}.Release|Any CPU.ActiveCfg = Release|Any CPU
		{989BF42F-4CD2-46C1-AF16-B709450706FD}.Release|Any CPU.Build.0 = Release|Any CPU
		{AD365FF1-5B5C-4820-9697-C8E130949B3C}.Debug|Any CPU.ActiveCfg = Debug|Any CPU
		{AD365FF1-5B5C-4820-9697-C8E130949B3C}.Debug|Any CPU.Build.0 = Debug|Any CPU
		{AD365FF1-5B5C-4820-9697-C8E130949B3C}.Release|Any CPU.ActiveCfg = Release|Any CPU
		{AD365FF1-5B5C-4820-9697-C8E130949B3C}.Release|Any CPU.Build.0 = Release|Any CPU
		{C8FCDAA2-71F1-4926-BFDE-CEF674497484}.Debug|Any CPU.ActiveCfg = Debug|Any CPU
		{C8FCDAA2-71F1-4926-BFDE-CEF674497484}.Debug|Any CPU.Build.0 = Debug|Any CPU
		{C8FCDAA2-71F1-4926-BFDE-CEF674497484}.Release|Any CPU.ActiveCfg = Release|Any CPU
		{C8FCDAA2-71F1-4926-BFDE-CEF674497484}.Release|Any CPU.Build.0 = Release|Any CPU
		{BB3E9A7A-4116-4F86-B2EA-9CEE207C7977}.Debug|Any CPU.ActiveCfg = Debug|Any CPU
		{BB3E9A7A-4116-4F86-B2EA-9CEE207C7977}.Debug|Any CPU.Build.0 = Debug|Any CPU
		{BB3E9A7A-4116-4F86-B2EA-9CEE207C7977}.Release|Any CPU.ActiveCfg = Release|Any CPU
		{BB3E9A7A-4116-4F86-B2EA-9CEE207C7977}.Release|Any CPU.Build.0 = Release|Any CPU
		{7A28F19B-1CD2-400F-9BEB-6C210C5CC79B}.Debug|Any CPU.ActiveCfg = Debug|Any CPU
		{7A28F19B-1CD2-400F-9BEB-6C210C5CC79B}.Debug|Any CPU.Build.0 = Debug|Any CPU
		{7A28F19B-1CD2-400F-9BEB-6C210C5CC79B}.Release|Any CPU.ActiveCfg = Release|Any CPU
		{7A28F19B-1CD2-400F-9BEB-6C210C5CC79B}.Release|Any CPU.Build.0 = Release|Any CPU
		{7AB2A602-0566-43E2-B855-296657F894E9}.Debug|Any CPU.ActiveCfg = Debug|Any CPU
		{7AB2A602-0566-43E2-B855-296657F894E9}.Debug|Any CPU.Build.0 = Debug|Any CPU
		{7AB2A602-0566-43E2-B855-296657F894E9}.Release|Any CPU.ActiveCfg = Release|Any CPU
		{7AB2A602-0566-43E2-B855-296657F894E9}.Release|Any CPU.Build.0 = Release|Any CPU
		{6F511145-BD33-49C6-9778-3DA9B14B9B17}.Debug|Any CPU.ActiveCfg = Debug|Any CPU
		{6F511145-BD33-49C6-9778-3DA9B14B9B17}.Debug|Any CPU.Build.0 = Debug|Any CPU
		{6F511145-BD33-49C6-9778-3DA9B14B9B17}.Release|Any CPU.ActiveCfg = Release|Any CPU
		{6F511145-BD33-49C6-9778-3DA9B14B9B17}.Release|Any CPU.Build.0 = Release|Any CPU
		{B6BF402B-80A6-4BEE-9906-B6403E3B7ECB}.Debug|Any CPU.ActiveCfg = Debug|Any CPU
		{B6BF402B-80A6-4BEE-9906-B6403E3B7ECB}.Debug|Any CPU.Build.0 = Debug|Any CPU
		{B6BF402B-80A6-4BEE-9906-B6403E3B7ECB}.Release|Any CPU.ActiveCfg = Release|Any CPU
		{B6BF402B-80A6-4BEE-9906-B6403E3B7ECB}.Release|Any CPU.Build.0 = Release|Any CPU
		{B56B751E-22D5-474F-BF79-50D3011DF91A}.Debug|Any CPU.ActiveCfg = Debug|Any CPU
		{B56B751E-22D5-474F-BF79-50D3011DF91A}.Debug|Any CPU.Build.0 = Debug|Any CPU
		{B56B751E-22D5-474F-BF79-50D3011DF91A}.Release|Any CPU.ActiveCfg = Release|Any CPU
		{B56B751E-22D5-474F-BF79-50D3011DF91A}.Release|Any CPU.Build.0 = Release|Any CPU
	EndGlobalSection
	GlobalSection(NestedProjects) = preSolution
		{B6BF402B-80A6-4BEE-9906-B6403E3B7ECB} = {8D608801-82E5-4BAD-86AC-493A3E422B11}
	EndGlobalSection
EndGlobal
